{
  "name": "aerial-warfare",
  "version": "1.0.0",
  "lockfileVersion": 3,
  "requires": true,
  "packages": {
    "": {
      "name": "aerial-warfare",
      "version": "1.0.0",
      "license": "MIT",
      "dependencies": {
        "@paulbarmstrong/js-to-sqf": "^0.1.1-alpha"
      },
      "devDependencies": {
        "@paulbarmstrong/js-to-sqf-cli": "^0.1.2-alpha"
      }
    },
    "node_modules/@paulbarmstrong/js-to-sqf": {
      "version": "0.1.1-alpha",
      "resolved": "https://registry.npmjs.org/@paulbarmstrong/js-to-sqf/-/js-to-sqf-0.1.1-alpha.tgz",
      "integrity": "sha512-1Y0Zpq8t3A5ucLUEF77vDngsWlXx3Wpl7m1tPhzA42KdKIDKO5TPaGzWXuv/MSjuQat79rp83pIwDQit+2qKgw==",
      "license": "ISC"
    },
    "node_modules/@paulbarmstrong/js-to-sqf-cli": {
      "version": "0.1.2-alpha",
      "resolved": "https://registry.npmjs.org/@paulbarmstrong/js-to-sqf-cli/-/js-to-sqf-cli-0.1.2-alpha.tgz",
      "integrity": "sha512-pPm8yvGx7sHZNcWoDbIetwXOonVL7jrNpNqr32kfeOwr/OvSuTBtQOD+6HiKfkvzMgeX4FOlt8ykZHQlUX2Ciw==",
      "dev": true,
      "license": "ISC",
      "dependencies": {
        "chokidar": "^5.0.0",
        "commander": "^15.0.0",
        "ignore": "^7.0.5",
        "typescript": "^6.0.3"
      },
      "bin": {
        "js-to-sqf": "dist/index.js"
      }
    },
    "node_modules/chokidar": {
      "version": "5.0.0",
      "resolved": "https://registry.npmjs.org/chokidar/-/chokidar-5.0.0.tgz",
      "integrity": "sha512-TQMmc3w+5AxjpL8iIiwebF73dRDF4fBIieAqGn9RGCWaEVwQ6Fb2cGe31Yns0RRIzii5goJ1Y7xbMwo1TxMplw==",
      "dev": true,
      "license": "MIT",
      "dependencies": {
        "readdirp": "^5.0.0"
      },
      "engines": {
        "node": ">= 20.19.0"
      },
      "funding": {
        "url": "https://paulmillr.com/funding/"
      }
    },
    "node_modules/commander": {
      "version": "15.0.0",
      "resolved": "https://registry.npmjs.org/commander/-/commander-15.0.0.tgz",
      "integrity": "sha512-z67u4ZhzCL/Tydu1lJARtEZYWbWaN7oYLHbsuzocr6y4N6WZAagG3RQ4FW61V1/0+jImpj293XfrcYnd1qxtPg==",
      "dev": true,
      "license": "MIT",
      "engines": {
        "node": ">=22.12.0"
      }
    },
    "node_modules/ignore": {
      "version": "7.0.6",
      "resolved": "https://registry.npmjs.org/ignore/-/ignore-7.0.6.tgz",
      "integrity": "sha512-BAg6QkE8W+TuQLrrw0Ugr7HegXduRuuj8/ti2kSOc+jz1dmx8/WNcjr6XGnq5YpDWxFwwaavqD0+jIUOKelTsw==",
      "dev": true,
      "license": "MIT",
      "engines": {
        "node": ">= 4"
      }
    },
    "node_modules/readdirp": {
      "version": "5.1.1",
      "resolved": "https://registry.npmjs.org/readdirp/-/readdirp-5.1.1.tgz",
      "integrity": "sha512-Kko+Y5XQ6fM+Ce3dq3m9YGxnacYZYl9cA1wZjaF3Vbry2L3i1qVg8+CAgNPsXRArPMUMCaOR7oa9Nqntc43JKA==",
      "dev": true,
      "license": "MIT",
      "engines": {
        "node": ">= 20.19.0"
      },
      "funding": {
        "type": "individual",
        "url": "https://paulmillr.com/funding/"
      }
    },
    "node_modules/typescript": {
      "version": "6.0.3",
      "resolved": "https://registry.npmjs.org/typescript/-/typescript-6.0.3.tgz",
      "integrity": "sha512-y2TvuxSZPDyQakkFRPZHKFm+KKVqIisdg9/CZwm9ftvKXLP8NRWj38/ODjNbr43SsoXqNuAisEf1GdCxqWcdBw==",
      "dev": true,
      "license": "Apache-2.0",
      "bin": {
        "tsc": "bin/tsc",
        "tsserver": "bin/tsserver"
      },
      "engines": {
        "node": ">=14.17"
      }
    }
  }
}
